
Microsoft Visual Studio Solution File, Format Version 12.00
# Visual Studio Version 17
VisualStudioVersion = 17.0.32014.148
MinimumVisualStudioVersion = 10.0.40219.1
Project("{8BC9CEB8-8B4A-11D0-8D11-00A0C91BC942}") = "MultiPipeServer", "MultiPipeServer\MultiPipeServer.vcxproj", "{AB4E9A49-DBFB-4B64-8030-5EFF965D26EC}"
EndProject
Project("{8BC9CEB8-8B4A-11D0-8D11-00A0C91BC942}") = "MulPipeClient", "MulPipeClient\MulPipeClient.vcxproj", "{A911DAF2-0242-423D-A9B7-BB18465C5BE0}"
EndProject
Global
	GlobalSection(SolutionConfigurationPlatforms) = preSolution
		Debug|x64 = Debug|x64
		Debug|x86 = Debug|x86
		Release|x64 = Release|x64
		Release|x86 = Release|x86
	EndGlobalSection
	GlobalSection(ProjectConfigurationPlatforms) = postSolution
		{AB4E9A49-DBFB-4B64-8030-5EFF965D26EC}.Debug|x64.ActiveCfg = Debug|x64
		{AB4E9A49-DBFB-4B64-8030-5EFF965D26EC}.Debug|x64.Build.0 = Debug|x64
		{AB4E9A49-DBFB-4B64-8030-5EFF965D26EC}.Debug|x86.ActiveCfg = Debug|Win32
		{AB4E9A49-DBFB-4B64-8030-5EFF965D26EC}.Debug|x86.Build.0 = Debug|Win32
		{AB4E9A49-DBFB-4B64-8030-5EFF965D26EC}.Release|x64.ActiveCfg = Release|x64
		{AB4E9A49-DBFB-4B64-8030-5EFF965D26EC}.Release|x64.Build.0 = Release|x64
		{AB4E9A49-DBFB-4B64-8030-5EFF965D26EC}.Release|x86.ActiveCfg = Release|Win32
		{AB4E9A49-DBFB-4B64-8030-5EFF965D26EC}.Release|x86.Build.0 = Release|Win32
		{A911DAF2-0242-423D-A9B7-BB18465C5BE0}.Debug|x64.ActiveCfg = Debug|x64
		{A911DAF2-0242-423D-A9B7-BB18465C5BE0}.Debug|x64.Build.0 = Debug|x64
		{A911DAF2-0242-423D-A9B7-BB18465C5BE0}.Debug|x86.ActiveCfg = Debug|Win32
		{A911DAF2-0242-423D-A9B7-BB18465C5BE0}.Debug|x86.Build.0 = Debug|Win32
		{A911DAF2-0242-423D-A9B7-BB18465C5BE0}.Release|x64.ActiveCfg = Release|x64
		{A911DAF2-0242-423D-A9B7-BB18465C5BE0}.Release|x64.Build.0 = Release|x64
		{A911DAF2-0242-423D-A9B7-BB18465C5BE0}.Release|x86.ActiveCfg = Release|Win32
		{A911DAF2-0242-423D-A9B7-BB18465C5BE0}.Release|x86.Build.0 = Release|Win32
	EndGlobalSection
	GlobalSection(SolutionProperties) = preSolution
		HideSolutionNode = FALSE
	EndGlobalSection
	GlobalSection(ExtensibilityGlobals) = postSolution
		SolutionGuid = {15BF4736-6DF2-46E8-BBF3-E5524C30B1D1}
	EndGlobalSection
EndGlobal
